
Microsoft Visual Studio Solution File, Format Version 12.00
# Visual Studio 15
VisualStudioVersion = 15.0.25928.0
MinimumVisualStudioVersion = 10.0.40219.1
Project("{D954291E-2A0B-460D-934E-DC6B0785DB48}") = "SuperDo", "SuperDo\SuperDo.shproj", "{51B0EE05-FF36-4E96-B7EA-C86DAA1C17DB}"
EndProject
Project("{FAE04EC0-301F-11D3-BF4B-00C04F79EFBC}") = "SuperDo.Droid", "SuperDo.Droid\SuperDo.Droid.csproj", "{86453CBC-1E0F-46DC-B79C-642F2C55B440}"
EndProject
Project("{FAE04EC0-301F-11D3-BF4B-00C04F79EFBC}") = "SuperDo.iOS", "SuperDo.iOS\SuperDo.iOS.csproj", "{2055F451-CE1F-4FD4-A109-F7715C07971C}"
EndProject
Project("{FAE04EC0-301F-11D3-BF4B-00C04F79EFBC}") = "SuperDo.UWP", "SuperDo.UWP\SuperDo.UWP.csproj", "{0739DADB-9B58-454A-B13A-F5BE3F7A852F}"
EndProject
Global
	GlobalSection(SharedMSBuildProjectFiles) = preSolution
		SuperDo\SuperDo.projitems*{2055f451-ce1f-4fd4-a109-f7715c07971c}*SharedItemsImports = 4
		SuperDo\SuperDo.projitems*{51b0ee05-ff36-4e96-b7ea-c86daa1c17db}*SharedItemsImports = 13
		SuperDo\SuperDo.projitems*{86453cbc-1e0f-46dc-b79c-642f2c55b440}*SharedItemsImports = 4
	EndGlobalSection
	GlobalSection(SolutionConfigurationPlatforms) = preSolution
		Ad-Hoc|Any CPU = Ad-Hoc|Any CPU
		Ad-Hoc|ARM = Ad-Hoc|ARM
		Ad-Hoc|iPhone = Ad-Hoc|iPhone
		Ad-Hoc|iPhoneSimulator = Ad-Hoc|iPhoneSimulator
		Ad-Hoc|x64 = Ad-Hoc|x64
		Ad-Hoc|x86 = Ad-Hoc|x86
		AppStore|Any CPU = AppStore|Any CPU
		AppStore|ARM = AppStore|ARM
		AppStore|iPhone = AppStore|iPhone
		AppStore|iPhoneSimulator = AppStore|iPhoneSimulator
		AppStore|x64 = AppStore|x64
		AppStore|x86 = AppStore|x86
		Debug|Any CPU = Debug|Any CPU
		Debug|ARM = Debug|ARM
		Debug|iPhone = Debug|iPhone
		Debug|iPhoneSimulator = Debug|iPhoneSimulator
		Debug|x64 = Debug|x64
		Debug|x86 = Debug|x86
		Release|Any CPU = Release|Any CPU
		Release|ARM = Release|ARM
		Release|iPhone = Release|iPhone
		Release|iPhoneSimulator = Release|iPhoneSimulator
		Release|x64 = Release|x64
		Release|x86 = Release|x86
	EndGlobalSection
	GlobalSection(ProjectConfigurationPlatforms) = postSolution
		{86453CBC-1E0F-46DC-B79C-642F2C55B440}.Ad-Hoc|Any CPU.ActiveCfg = Release|Any CPU
		{86453CBC-1E0F-46DC-B79C-642F2C55B440}.Ad-Hoc|Any CPU.Build.0 = Release|Any CPU
		{86453CBC-1E0F-46DC-B79C-642F2C55B440}.Ad-Hoc|Any CPU.Deploy.0 = Release|Any CPU
		{86453CBC-1E0F-46DC-B79C-642F2C55B440}.Ad-Hoc|ARM.ActiveCfg = Release|Any CPU
		{86453CBC-1E0F-46DC-B79C-642F2C55B440}.Ad-Hoc|ARM.Build.0 = Release|Any CPU
		{86453CBC-1E0F-46DC-B79C-642F2C55B440}.Ad-Hoc|ARM.Deploy.0 = Release|Any CPU
		{86453CBC-1E0F-46DC-B79C-642F2C55B440}.Ad-Hoc|iPhone.ActiveCfg = Release|Any CPU
		{86453CBC-1E0F-46DC-B79C-642F2C55B440}.Ad-Hoc|iPhone.Build.0 = Release|Any CPU
		{86453CBC-1E0F-46DC-B79C-642F2C55B440}.Ad-Hoc|iPhone.Deploy.0 = Release|Any CPU
		{86453CBC-1E0F-46DC-B79C-642F2C55B440}.Ad-Hoc|iPhoneSimulator.ActiveCfg = Release|Any CPU
		{86453CBC-1E0F-46DC-B79C-642F2C55B440}.Ad-Hoc|iPhoneSimulator.Build.0 = Release|Any CPU
		{86453CBC-1E0F-46DC-B79C-642F2C55B440}.Ad-Hoc|iPhoneSimulator.Deploy.0 = Release|Any CPU
		{86453CBC-1E0F-46DC-B79C-642F2C55B440}.Ad-Hoc|x64.ActiveCfg = Release|Any CPU
		{86453CBC-1E0F-46DC-B79C-642F2C55B440}.Ad-Hoc|x64.Build.0 = Release|Any CPU
		{86453CBC-1E0F-46DC-B79C-642F2C55B440}.Ad-Hoc|x64.Deploy.0 = Release|Any CPU
		{86453CBC-1E0F-46DC-B79C-642F2C55B440}.Ad-Hoc|x86.ActiveCfg = Release|Any CPU
		{86453CBC-1E0F-46DC-B79C-642F2C55B440}.Ad-Hoc|x86.Build.0 = Release|Any CPU
		{86453CBC-1E0F-46DC-B79C-642F2C55B440}.Ad-Hoc|x86.Deploy.0 = Release|Any CPU
		{86453CBC-1E0F-46DC-B79C-642F2C55B440}.AppStore|Any CPU.ActiveCfg = Release|Any CPU
		{86453CBC-1E0F-46DC-B79C-642F2C55B440}.AppStore|Any CPU.Build.0 = Release|Any CPU
		{86453CBC-1E0F-46DC-B79C-642F2C55B440}.AppStore|Any CPU.Deploy.0 = Release|Any CPU
		{86453CBC-1E0F-46DC-B79C-642F2C55B440}.AppStore|ARM.ActiveCfg = Release|Any CPU
		{86453CBC-1E0F-46DC-B79C-642F2C55B440}.AppStore|ARM.Build.0 = Release|Any CPU
		{86453CBC-1E0F-46DC-B79C-642F2C55B440}.AppStore|ARM.Deploy.0 = Release|Any CPU
		{86453CBC-1E0F-46DC-B79C-642F2C55B440}.AppStore|iPhone.ActiveCfg = Release|Any CPU
		{86453CBC-1E0F-46DC-B79C-642F2C55B440}.AppStore|iPhone.Build.0 = Release|Any CPU
		{86453CBC-1E0F-46DC-B79C-642F2C55B440}.AppStore|iPhone.Deploy.0 = Release|Any CPU
		{86453CBC-1E0F-46DC-B79C-642F2C55B440}.AppStore|iPhoneSimulator.ActiveCfg = Release|Any CPU
		{86453CBC-1E0F-46DC-B79C-642F2C55B440}.AppStore|iPhoneSimulator.Build.0 = Release|Any CPU
		{86453CBC-1E0F-46DC-B79C-642F2C55B440}.AppStore|iPhoneSimulator.Deploy.0 = Release|Any CPU
		{86453CBC-1E0F-46DC-B79C-642F2C55B440}.AppStore|x64.ActiveCfg = Release|Any CPU
		{86453CBC-1E0F-46DC-B79C-642F2C55B440}.AppStore|x64.Build.0 = Release|Any CPU
		{86453CBC-1E0F-46DC-B79C-642F2C55B440}.AppStore|x64.Deploy.0 = Release|Any CPU
		{86453CBC-1E0F-46DC-B79C-642F2C55B440}.AppStore|x86.ActiveCfg = Release|Any CPU
		{86453CBC-1E0F-46DC-B79C-642F2C55B440}.AppStore|x86.Build.0 = Release|Any CPU
		{86453CBC-1E0F-46DC-B79C-642F2C55B440}.AppStore|x86.Deploy.0 = Release|Any CPU
		{86453CBC-1E0F-46DC-B79C-642F2C55B440}.Debug|Any CPU.ActiveCfg = Debug|Any CPU
		{86453CBC-1E0F-46DC-B79C-642F2C55B440}.Debug|Any CPU.Build.0 = Debug|Any CPU
		{86453CBC-1E0F-46DC-B79C-642F2C55B440}.Debug|Any CPU.Deploy.0 = Debug|Any CPU
		{86453CBC-1E0F-46DC-B79C-642F2C55B440}.Debug|ARM.ActiveCfg = Debug|Any CPU
		{86453CBC-1E0F-46DC-B79C-642F2C55B440}.Debug|ARM.Build.0 = Debug|Any CPU
		{86453CBC-1E0F-46DC-B79C-642F2C55B440}.Debug|ARM.Deploy.0 = Debug|Any CPU
		{86453CBC-1E0F-46DC-B79C-642F2C55B440}.Debug|iPhone.ActiveCfg = Debug|Any CPU
		{86453CBC-1E0F-46DC-B79C-642F2C55B440}.Debug|iPhone.Build.0 = Debug|Any CPU
		{86453CBC-1E0F-46DC-B79C-642F2C55B440}.Debug|iPhone.Deploy.0 = Debug|Any CPU
		{86453CBC-1E0F-46DC-B79C-642F2C55B440}.Debug|iPhoneSimulator.ActiveCfg = Debug|Any CPU
		{86453CBC-1E0F-46DC-B79C-642F2C55B440}.Debug|iPhoneSimulator.Build.0 = Debug|Any CPU
		{86453CBC-1E0F-46DC-B79C-642F2C55B440}.Debug|iPhoneSimulator.Deploy.0 = Debug|Any CPU
		{86453CBC-1E0F-46DC-B79C-642F2C55B440}.Debug|x64.ActiveCfg = Debug|Any CPU
		{86453CBC-1E0F-46DC-B79C-642F2C55B440}.Debug|x64.Build.0 = Debug|Any CPU
		{86453CBC-1E0F-46DC-B79C-642F2C55B440}.Debug|x64.Deploy.0 = Debug|Any CPU
		{86453CBC-1E0F-46DC-B79C-642F2C55B440}.Debug|x86.ActiveCfg = Debug|Any CPU
		{86453CBC-1E0F-46DC-B79C-642F2C55B440}.Debug|x86.Build.0 = Debug|Any CPU
		{86453CBC-1E0F-46DC-B79C-642F2C55B440}.Debug|x86.Deploy.0 = Debug|Any CPU
		{86453CBC-1E0F-46DC-B79C-642F2C55B440}.Release|Any CPU.ActiveCfg = Release|Any CPU
		{86453CBC-1E0F-46DC-B79C-642F2C55B440}.Release|Any CPU.Build.0 = Release|Any CPU
		{86453CBC-1E0F-46DC-B79C-642F2C55B440}.Release|Any CPU.Deploy.0 = Release|Any CPU
		{86453CBC-1E0F-46DC-B79C-642F2C55B440}.Release|ARM.ActiveCfg = Release|Any CPU
		{86453CBC-1E0F-46DC-B79C-642F2C55B440}.Release|ARM.Build.0 = Release|Any CPU
		{86453CBC-1E0F-46DC-B79C-642F2C55B440}.Release|ARM.Deploy.0 = Release|Any CPU
		{86453CBC-1E0F-46DC-B79C-642F2C55B440}.Release|iPhone.ActiveCfg = Release|Any CPU
		{86453CBC-1E0F-46DC-B79C-642F2C55B440}.Release|iPhone.Build.0 = Release|Any CPU
		{86453CBC-1E0F-46DC-B79C-642F2C55B440}.Release|iPhone.Deploy.0 = Release|Any CPU
		{86453CBC-1E0F-46DC-B79C-642F2C55B440}.Release|iPhoneSimulator.ActiveCfg = Release|Any CPU
		{86453CBC-1E0F-46DC-B79C-642F2C55B440}.Release|iPhoneSimulator.Build.0 = Release|Any CPU
		{86453CBC-1E0F-46DC-B79C-642F2C55B440}.Release|iPhoneSimulator.Deploy.0 = Release|Any CPU
		{86453CBC-1E0F-46DC-B79C-642F2C55B440}.Release|x64.ActiveCfg = Release|Any CPU
		{86453CBC-1E0F-46DC-B79C-642F2C55B440}.Release|x64.Build.0 = Release|Any CPU
		{86453CBC-1E0F-46DC-B79C-642F2C55B440}.Release|x64.Deploy.0 = Release|Any CPU
		{86453CBC-1E0F-46DC-B79C-642F2C55B440}.Release|x86.ActiveCfg = Release|Any CPU
		{86453CBC-1E0F-46DC-B79C-642F2C55B440}.Release|x86.Build.0 = Release|Any CPU
		{86453CBC-1E0F-46DC-B79C-642F2C55B440}.Release|x86.Deploy.0 = Release|Any CPU
		{2055F451-CE1F-4FD4-A109-F7715C07971C}.Ad-Hoc|Any CPU.ActiveCfg = Ad-Hoc|iPhone
		{2055F451-CE1F-4FD4-A109-F7715C07971C}.Ad-Hoc|ARM.ActiveCfg = Ad-Hoc|iPhone
		{2055F451-CE1F-4FD4-A109-F7715C07971C}.Ad-Hoc|iPhone.ActiveCfg = Ad-Hoc|iPhone
		{2055F451-CE1F-4FD4-A109-F7715C07971C}.Ad-Hoc|iPhone.Build.0 = Ad-Hoc|iPhone
		{2055F451-CE1F-4FD4-A109-F7715C07971C}.Ad-Hoc|iPhoneSimulator.ActiveCfg = Ad-Hoc|iPhoneSimulator
		{2055F451-CE1F-4FD4-A109-F7715C07971C}.Ad-Hoc|iPhoneSimulator.Build.0 = Ad-Hoc|iPhoneSimulator
		{2055F451-CE1F-4FD4-A109-F7715C07971C}.Ad-Hoc|x64.ActiveCfg = Ad-Hoc|iPhone
		{2055F451-CE1F-4FD4-A109-F7715C07971C}.Ad-Hoc|x86.ActiveCfg = Ad-Hoc|iPhone
		{2055F451-CE1F-4FD4-A109-F7715C07971C}.AppStore|Any CPU.ActiveCfg = AppStore|iPhone
		{2055F451-CE1F-4FD4-A109-F7715C07971C}.AppStore|ARM.ActiveCfg = AppStore|iPhone
		{2055F451-CE1F-4FD4-A109-F7715C07971C}.AppStore|iPhone.ActiveCfg = AppStore|iPhone
		{2055F451-CE1F-4FD4-A109-F7715C07971C}.AppStore|iPhone.Build.0 = AppStore|iPhone
		{2055F451-CE1F-4FD4-A109-F7715C07971C}.AppStore|iPhoneSimulator.ActiveCfg = AppStore|iPhoneSimulator
		{2055F451-CE1F-4FD4-A109-F7715C07971C}.AppStore|iPhoneSimulator.Build.0 = AppStore|iPhoneSimulator
		{2055F451-CE1F-4FD4-A109-F7715C07971C}.AppStore|x64.ActiveCfg = AppStore|iPhone
		{2055F451-CE1F-4FD4-A109-F7715C07971C}.AppStore|x86.ActiveCfg = AppStore|iPhone
		{2055F451-CE1F-4FD4-A109-F7715C07971C}.Debug|Any CPU.ActiveCfg = Debug|iPhone
		{2055F451-CE1F-4FD4-A109-F7715C07971C}.Debug|ARM.ActiveCfg = Debug|iPhone
		{2055F451-CE1F-4FD4-A109-F7715C07971C}.Debug|iPhone.ActiveCfg = Debug|iPhone
		{2055F451-CE1F-4FD4-A109-F7715C07971C}.Debug|iPhone.Build.0 = Debug|iPhone
		{2055F451-CE1F-4FD4-A109-F7715C07971C}.Debug|iPhoneSimulator.ActiveCfg = Debug|iPhoneSimulator
		{2055F451-CE1F-4FD4-A109-F7715C07971C}.Debug|iPhoneSimulator.Build.0 = Debug|iPhoneSimulator
		{2055F451-CE1F-4FD4-A109-F7715C07971C}.Debug|x64.ActiveCfg = Debug|iPhone
		{2055F451-CE1F-4FD4-A109-F7715C07971C}.Debug|x86.ActiveCfg = Debug|iPhone
		{2055F451-CE1F-4FD4-A109-F7715C07971C}.Release|Any CPU.ActiveCfg = Release|iPhone
		{2055F451-CE1F-4FD4-A109-F7715C07971C}.Release|ARM.ActiveCfg = Release|iPhone
		{2055F451-CE1F-4FD4-A109-F7715C07971C}.Release|iPhone.ActiveCfg = Release|iPhone
		{2055F451-CE1F-4FD4-A109-F7715C07971C}.Release|iPhone.Build.0 = Release|iPhone
		{2055F451-CE1F-4FD4-A109-F7715C07971C}.Release|iPhoneSimulator.ActiveCfg = Release|iPhoneSimulator
		{2055F451-CE1F-4FD4-A109-F7715C07971C}.Release|iPhoneSimulator.Build.0 = Release|iPhoneSimulator
		{2055F451-CE1F-4FD4-A109-F7715C07971C}.Release|x64.ActiveCfg = Release|iPhone
		{2055F451-CE1F-4FD4-A109-F7715C07971C}.Release|x86.ActiveCfg = Release|iPhone
		{0739DADB-9B58-454A-B13A-F5BE3F7A852F}.Ad-Hoc|Any CPU.ActiveCfg = Release|x86
		{0739DADB-9B58-454A-B13A-F5BE3F7A852F}.Ad-Hoc|Any CPU.Build.0 = Release|x86
		{0739DADB-9B58-454A-B13A-F5BE3F7A852F}.Ad-Hoc|Any CPU.Deploy.0 = Release|x86
		{0739DADB-9B58-454A-B13A-F5BE3F7A852F}.Ad-Hoc|ARM.ActiveCfg = Release|ARM
		{0739DADB-9B58-454A-B13A-F5BE3F7A852F}.Ad-Hoc|ARM.Build.0 = Release|ARM
		{0739DADB-9B58-454A-B13A-F5BE3F7A852F}.Ad-Hoc|ARM.Deploy.0 = Release|ARM
		{0739DADB-9B58-454A-B13A-F5BE3F7A852F}.Ad-Hoc|iPhone.ActiveCfg = Release|x86
		{0739DADB-9B58-454A-B13A-F5BE3F7A852F}.Ad-Hoc|iPhone.Build.0 = Release|x86
		{0739DADB-9B58-454A-B13A-F5BE3F7A852F}.Ad-Hoc|iPhone.Deploy.0 = Release|x86
		{0739DADB-9B58-454A-B13A-F5BE3F7A852F}.Ad-Hoc|iPhoneSimulator.ActiveCfg = Release|x86
		{0739DADB-9B58-454A-B13A-F5BE3F7A852F}.Ad-Hoc|iPhoneSimulator.Build.0 = Release|x86
		{0739DADB-9B58-454A-B13A-F5BE3F7A852F}.Ad-Hoc|iPhoneSimulator.Deploy.0 = Release|x86
		{0739DADB-9B58-454A-B13A-F5BE3F7A852F}.Ad-Hoc|x64.ActiveCfg = Release|x64
		{0739DADB-9B58-454A-B13A-F5BE3F7A852F}.Ad-Hoc|x64.Build.0 = Release|x64
		{0739DADB-9B58-454A-B13A-F5BE3F7A852F}.Ad-Hoc|x64.Deploy.0 = Release|x64
		{0739DADB-9B58-454A-B13A-F5BE3F7A852F}.Ad-Hoc|x86.ActiveCfg = Release|x86
		{0739DADB-9B58-454A-B13A-F5BE3F7A852F}.Ad-Hoc|x86.Build.0 = Release|x86
		{0739DADB-9B58-454A-B13A-F5BE3F7A852F}.Ad-Hoc|x86.Deploy.0 = Release|x86
		{0739DADB-9B58-454A-B13A-F5BE3F7A852F}.AppStore|Any CPU.ActiveCfg = Release|x86
		{0739DADB-9B58-454A-B13A-F5BE3F7A852F}.AppStore|Any CPU.Build.0 = Release|x86
		{0739DADB-9B58-454A-B13A-F5BE3F7A852F}.AppStore|Any CPU.Deploy.0 = Release|x86
		{0739DADB-9B58-454A-B13A-F5BE3F7A852F}.AppStore|ARM.ActiveCfg = Release|ARM
		{0739DADB-9B58-454A-B13A-F5BE3F7A852F}.AppStore|ARM.Build.0 = Release|ARM
		{0739DADB-9B58-454A-B13A-F5BE3F7A852F}.AppStore|ARM.Deploy.0 = Release|ARM
		{0739DADB-9B58-454A-B13A-F5BE3F7A852F}.AppStore|iPhone.ActiveCfg = Release|x86
		{0739DADB-9B58-454A-B13A-F5BE3F7A852F}.AppStore|iPhone.Build.0 = Release|x86
		{0739DADB-9B58-454A-B13A-F5BE3F7A852F}.AppStore|iPhone.Deploy.0 = Release|x86
		{0739DADB-9B58-454A-B13A-F5BE3F7A852F}.AppStore|iPhoneSimulator.ActiveCfg = Release|x86
		{0739DADB-9B58-454A-B13A-F5BE3F7A852F}.AppStore|iPhoneSimulator.Build.0 = Release|x86
		{0739DADB-9B58-454A-B13A-F5BE3F7A852F}.AppStore|iPhoneSimulator.Deploy.0 = Release|x86
		{0739DADB-9B58-454A-B13A-F5BE3F7A852F}.AppStore|x64.ActiveCfg = Release|x64
		{0739DADB-9B58-454A-B13A-F5BE3F7A852F}.AppStore|x64.Build.0 = Release|x64
		{0739DADB-9B58-454A-B13A-F5BE3F7A852F}.AppStore|x64.Deploy.0 = Release|x64
		{0739DADB-9B58-454A-B13A-F5BE3F7A852F}.AppStore|x86.ActiveCfg = Release|x86
		{0739DADB-9B58-454A-B13A-F5BE3F7A852F}.AppStore|x86.Build.0 = Release|x86
		{0739DADB-9B58-454A-B13A-F5BE3F7A852F}.AppStore|x86.Deploy.0 = Release|x86
		{0739DADB-9B58-454A-B13A-F5BE3F7A852F}.Debug|Any CPU.ActiveCfg = Debug|x86
		{0739DADB-9B58-454A-B13A-F5BE3F7A852F}.Debug|ARM.ActiveCfg = Debug|ARM
		{0739DADB-9B58-454A-B13A-F5BE3F7A852F}.Debug|ARM.Build.0 = Debug|ARM
		{0739DADB-9B58-454A-B13A-F5BE3F7A852F}.Debug|ARM.Deploy.0 = Debug|ARM
		{0739DADB-9B58-454A-B13A-F5BE3F7A852F}.Debug|iPhone.ActiveCfg = Debug|x86
		{0739DADB-9B58-454A-B13A-F5BE3F7A852F}.Debug|iPhoneSimulator.ActiveCfg = Debug|x86
		{0739DADB-9B58-454A-B13A-F5BE3F7A852F}.Debug|x64.ActiveCfg = Debug|x64
		{0739DADB-9B58-454A-B13A-F5BE3F7A852F}.Debug|x64.Build.0 = Debug|x64
		{0739DADB-9B58-454A-B13A-F5BE3F7A852F}.Debug|x64.Deploy.0 = Debug|x64
		{0739DADB-9B58-454A-B13A-F5BE3F7A852F}.Debug|x86.ActiveCfg = Debug|x86
		{0739DADB-9B58-454A-B13A-F5BE3F7A852F}.Debug|x86.Build.0 = Debug|x86
		{0739DADB-9B58-454A-B13A-F5BE3F7A852F}.Debug|x86.Deploy.0 = Debug|x86
		{0739DADB-9B58-454A-B13A-F5BE3F7A852F}.Release|Any CPU.ActiveCfg = Release|x86
		{0739DADB-9B58-454A-B13A-F5BE3F7A852F}.Release|ARM.ActiveCfg = Release|ARM
		{0739DADB-9B58-454A-B13A-F5BE3F7A852F}.Release|ARM.Build.0 = Release|ARM
		{0739DADB-9B58-454A-B13A-F5BE3F7A852F}.Release|ARM.Deploy.0 = Release|ARM
		{0739DADB-9B58-454A-B13A-F5BE3F7A852F}.Release|iPhone.ActiveCfg = Release|x86
		{0739DADB-9B58-454A-B13A-F5BE3F7A852F}.Release|iPhoneSimulator.ActiveCfg = Release|x86
		{0739DADB-9B58-454A-B13A-F5BE3F7A852F}.Release|x64.ActiveCfg = Release|x64
		{0739DADB-9B58-454A-B13A-F5BE3F7A852F}.Release|x64.Build.0 = Release|x64
		{0739DADB-9B58-454A-B13A-F5BE3F7A852F}.Release|x64.Deploy.0 = Release|x64
		{0739DADB-9B58-454A-B13A-F5BE3F7A852F}.Release|x86.ActiveCfg = Release|x86
		{0739DADB-9B58-454A-B13A-F5BE3F7A852F}.Release|x86.Build.0 = Release|x86
		{0739DADB-9B58-454A-B13A-F5BE3F7A852F}.Release|x86.Deploy.0 = Release|x86
	EndGlobalSection
	GlobalSection(SolutionProperties) = preSolution
		HideSolutionNode = FALSE
	EndGlobalSection
EndGlobal
